
Microsoft Visual Studio Solution File, Format Version 12.00
# Visual Studio Version 17
VisualStudioVersion = 17.5.002.0
MinimumVisualStudioVersion = 10.0.40219.1
Project("{9A19103F-16F7-4668-BE54-9A1E7A4F7556}") = "troco", "troco.csproj", "{F14F7AD0-CF39-4818-AC60-706F368E200F}"
EndProject
Global
	GlobalSection(SolutionConfigurationPlatforms) = preSolution
		Debug|Any CPU = Debug|Any CPU
		Release|Any CPU = Release|Any CPU
	EndGlobalSection
	GlobalSection(ProjectConfigurationPlatforms) = postSolution
		{F14F7AD0-CF39-4818-AC60-706F368E200F}.Debug|Any CPU.ActiveCfg = Debug|Any CPU
		{F14F7AD0-CF39-4818-AC60-706F368E200F}.Debug|Any CPU.Build.0 = Debug|Any CPU
		{F14F7AD0-CF39-4818-AC60-706F368E200F}.Release|Any CPU.ActiveCfg = Release|Any CPU
		{F14F7AD0-CF39-4818-AC60-706F368E200F}.Release|Any CPU.Build.0 = Release|Any CPU
	EndGlobalSection
	GlobalSection(SolutionProperties) = preSolution
		HideSolutionNode = FALSE
	EndGlobalSection
	GlobalSection(ExtensibilityGlobals) = postSolution
		SolutionGuid = {BEB3D1F2-F876-40FC-983B-FF8C36FE4435}
	EndGlobalSection
EndGlobal
